
Microsoft Visual Studio Solution File, Format Version 12.00
# Visual Studio Version 16
VisualStudioVersion = 16.0.32630.194
MinimumVisualStudioVersion = 10.0.40219.1
Project("{8BC9CEB8-8B4A-11D0-8D11-00A0C91BC942}") = "HelloWorld", "HelloWorld\HelloWorld.vcxproj", "{397955E7-DB09-4F87-AD5B-E15E95F90D4E}"
EndProject
Global
	GlobalSection(SolutionConfigurationPlatforms) = preSolution
		Debug|x64 = Debug|x64
		Debug|x86 = Debug|x86
		Release|x64 = Release|x64
		Release|x86 = Release|x86
	EndGlobalSection
	GlobalSection(ProjectConfigurationPlatforms) = postSolution
		{397955E7-DB09-4F87-AD5B-E15E95F90D4E}.Debug|x64.ActiveCfg = Debug|x64
		{397955E7-DB09-4F87-AD5B-E15E95F90D4E}.Debug|x64.Build.0 = Debug|x64
		{397955E7-DB09-4F87-AD5B-E15E95F90D4E}.Debug|x86.ActiveCfg = Debug|Win32
		{397955E7-DB09-4F87-AD5B-E15E95F90D4E}.Debug|x86.Build.0 = Debug|Win32
		{397955E7-DB09-4F87-AD5B-E15E95F90D4E}.Release|x64.ActiveCfg = Release|x64
		{397955E7-DB09-4F87-AD5B-E15E95F90D4E}.Release|x64.Build.0 = Release|x64
		{397955E7-DB09-4F87-AD5B-E15E95F90D4E}.Release|x86.ActiveCfg = Release|Win32
		{397955E7-DB09-4F87-AD5B-E15E95F90D4E}.Release|x86.Build.0 = Release|Win32
	EndGlobalSection
	GlobalSection(SolutionProperties) = preSolution
		HideSolutionNode = FALSE
	EndGlobalSection
	GlobalSection(ExtensibilityGlobals) = postSolution
		SolutionGuid = {94735099-E6E9-4B61-AA20-8113062E90B7}
	EndGlobalSection
EndGlobal
